
Microsoft Visual Studio Solution File, Format Version 12.00
Project("{FAE04EC0-301F-11D3-BF4B-00C04F79EFBC}") = "prext", "prext\prext.csproj", "{A2DD7EAB-4ADB-4B7C-AAD5-0790370C62BE}"
EndProject
Project("{FAE04EC0-301F-11D3-BF4B-00C04F79EFBC}") = "Tests", "Tests\Tests.csproj", "{9581D082-C608-432D-915F-BACE9822C500}"
EndProject
Global
	GlobalSection(SolutionConfigurationPlatforms) = preSolution
		Debug|Any CPU = Debug|Any CPU
		Release|Any CPU = Release|Any CPU
	EndGlobalSection
	GlobalSection(ProjectConfigurationPlatforms) = postSolution
		{A2DD7EAB-4ADB-4B7C-AAD5-0790370C62BE}.Debug|Any CPU.ActiveCfg = Debug|Any CPU
		{A2DD7EAB-4ADB-4B7C-AAD5-0790370C62BE}.Debug|Any CPU.Build.0 = Debug|Any CPU
		{A2DD7EAB-4ADB-4B7C-AAD5-0790370C62BE}.Release|Any CPU.ActiveCfg = Release|Any CPU
		{A2DD7EAB-4ADB-4B7C-AAD5-0790370C62BE}.Release|Any CPU.Build.0 = Release|Any CPU
		{9581D082-C608-432D-915F-BACE9822C500}.Debug|Any CPU.ActiveCfg = Debug|Any CPU
		{9581D082-C608-432D-915F-BACE9822C500}.Debug|Any CPU.Build.0 = Debug|Any CPU
		{9581D082-C608-432D-915F-BACE9822C500}.Release|Any CPU.ActiveCfg = Release|Any CPU
		{9581D082-C608-432D-915F-BACE9822C500}.Release|Any CPU.Build.0 = Release|Any CPU
	EndGlobalSection
EndGlobal
